
Microsoft Visual Studio Solution File, Format Version 12.00
# Visual Studio Version 16
VisualStudioVersion = 16.0.30611.23
MinimumVisualStudioVersion = 10.0.40219.1
Project("{9A19103F-16F7-4668-BE54-9A1E7A4F7556}") = "Client", "Client\Client.csproj", "{DC87BC60-B5AB-4195-B1C5-D7542E51447A}"
EndProject
Project("{9A19103F-16F7-4668-BE54-9A1E7A4F7556}") = "Server", "Server\Server.csproj", "{EE129CFF-1FF8-469C-B019-653BC44B83B3}"
EndProject
Project("{9A19103F-16F7-4668-BE54-9A1E7A4F7556}") = "Test", "Test\Test.csproj", "{3F10809B-1FE1-40C6-8558-071100F90519}"
EndProject
Project("{9A19103F-16F7-4668-BE54-9A1E7A4F7556}") = "Installer", "Installer\Installer.csproj", "{A9612EFE-7189-4C29-947D-CB29B1F28431}"
EndProject
Global
	GlobalSection(SolutionConfigurationPlatforms) = preSolution
		Debug|Any CPU = Debug|Any CPU
		Release|Any CPU = Release|Any CPU
	EndGlobalSection
	GlobalSection(ProjectConfigurationPlatforms) = postSolution
		{DC87BC60-B5AB-4195-B1C5-D7542E51447A}.Debug|Any CPU.ActiveCfg = Debug|Any CPU
		{DC87BC60-B5AB-4195-B1C5-D7542E51447A}.Debug|Any CPU.Build.0 = Debug|Any CPU
		{DC87BC60-B5AB-4195-B1C5-D7542E51447A}.Release|Any CPU.ActiveCfg = Release|Any CPU
		{DC87BC60-B5AB-4195-B1C5-D7542E51447A}.Release|Any CPU.Build.0 = Release|Any CPU
		{EE129CFF-1FF8-469C-B019-653BC44B83B3}.Debug|Any CPU.ActiveCfg = Debug|Any CPU
		{EE129CFF-1FF8-469C-B019-653BC44B83B3}.Debug|Any CPU.Build.0 = Debug|Any CPU
		{EE129CFF-1FF8-469C-B019-653BC44B83B3}.Release|Any CPU.ActiveCfg = Release|Any CPU
		{EE129CFF-1FF8-469C-B019-653BC44B83B3}.Release|Any CPU.Build.0 = Release|Any CPU
		{3F10809B-1FE1-40C6-8558-071100F90519}.Debug|Any CPU.ActiveCfg = Debug|Any CPU
		{3F10809B-1FE1-40C6-8558-071100F90519}.Debug|Any CPU.Build.0 = Debug|Any CPU
		{3F10809B-1FE1-40C6-8558-071100F90519}.Release|Any CPU.ActiveCfg = Release|Any CPU
		{3F10809B-1FE1-40C6-8558-071100F90519}.Release|Any CPU.Build.0 = Release|Any CPU
		{A9612EFE-7189-4C29-947D-CB29B1F28431}.Debug|Any CPU.ActiveCfg = Debug|Any CPU
		{A9612EFE-7189-4C29-947D-CB29B1F28431}.Debug|Any CPU.Build.0 = Debug|Any CPU
		{A9612EFE-7189-4C29-947D-CB29B1F28431}.Release|Any CPU.ActiveCfg = Release|Any CPU
		{A9612EFE-7189-4C29-947D-CB29B1F28431}.Release|Any CPU.Build.0 = Release|Any CPU
	EndGlobalSection
	GlobalSection(SolutionProperties) = preSolution
		HideSolutionNode = FALSE
	EndGlobalSection
	GlobalSection(ExtensibilityGlobals) = postSolution
		SolutionGuid = {A27C58C2-788D-46BB-92A1-83798EB57C72}
	EndGlobalSection
EndGlobal
